
Microsoft Visual Studio Solution File, Format Version 12.00
# Visual Studio Version 17
VisualStudioVersion = 17.2.32526.322
MinimumVisualStudioVersion = 10.0.40219.1
Project("{FAE04EC0-301F-11D3-BF4B-00C04F79EFBC}") = "MovieDatabaseLab", "MovieDatabaseLab\MovieDatabaseLab.csproj", "{D491ADD6-9F4B-4347-B0CC-ED78EBB2BEB1}"
EndProject
Project("{2150E333-8FDC-42A3-9474-1A3956D46DE8}") = "Solution Items", "Solution Items", "{5990B5FD-E0FC-441C-8785-2AF261DABDE9}"
EndProject
Global
	GlobalSection(SolutionConfigurationPlatforms) = preSolution
		Debug|Any CPU = Debug|Any CPU
		Release|Any CPU = Release|Any CPU
	EndGlobalSection
	GlobalSection(ProjectConfigurationPlatforms) = postSolution
		{D491ADD6-9F4B-4347-B0CC-ED78EBB2BEB1}.Debug|Any CPU.ActiveCfg = Debug|Any CPU
		{D491ADD6-9F4B-4347-B0CC-ED78EBB2BEB1}.Debug|Any CPU.Build.0 = Debug|Any CPU
		{D491ADD6-9F4B-4347-B0CC-ED78EBB2BEB1}.Release|Any CPU.ActiveCfg = Release|Any CPU
		{D491ADD6-9F4B-4347-B0CC-ED78EBB2BEB1}.Release|Any CPU.Build.0 = Release|Any CPU
	EndGlobalSection
	GlobalSection(SolutionProperties) = preSolution
		HideSolutionNode = FALSE
	EndGlobalSection
	GlobalSection(ExtensibilityGlobals) = postSolution
		SolutionGuid = {5C00DFCC-C343-49E6-B53D-1EE2EFFD6BCA}
	EndGlobalSection
EndGlobal
